
Microsoft Visual Studio Solution File, Format Version 12.00
# Visual Studio Version 17
VisualStudioVersion = 17.8.34601.278
MinimumVisualStudioVersion = 10.0.40219.1
Project("{FAE04EC0-301F-11D3-BF4B-00C04F79EFBC}") = "SignalR", "SignalR.csproj", "{1A460CF6-C718-4955-9AF1-0B4A64E27C34}"
EndProject
Global
	GlobalSection(SolutionConfigurationPlatforms) = preSolution
		Debug|Any CPU = Debug|Any CPU
		Release|Any CPU = Release|Any CPU
	EndGlobalSection
	GlobalSection(ProjectConfigurationPlatforms) = postSolution
		{1A460CF6-C718-4955-9AF1-0B4A64E27C34}.Debug|Any CPU.ActiveCfg = Debug|Any CPU
		{1A460CF6-C718-4955-9AF1-0B4A64E27C34}.Debug|Any CPU.Build.0 = Debug|Any CPU
		{1A460CF6-C718-4955-9AF1-0B4A64E27C34}.Release|Any CPU.ActiveCfg = Release|Any CPU
		{1A460CF6-C718-4955-9AF1-0B4A64E27C34}.Release|Any CPU.Build.0 = Release|Any CPU
	EndGlobalSection
	GlobalSection(SolutionProperties) = preSolution
		HideSolutionNode = FALSE
	EndGlobalSection
	GlobalSection(ExtensibilityGlobals) = postSolution
		SolutionGuid = {212CB7C7-6FF2-4BC2-8797-AB164D1C84B0}
	EndGlobalSection
EndGlobal
